// !$*UTF8*$!
{
	archiveVersion = 1;
	classes = {
	};
	objectVersion = 46;
	objects = {

/* Begin PBXBuildFile section */
		253F920D2A86A6C0007467A8 /* RNMMChatCustomisation.swift in Sources */ = {isa = PBXBuildFile; fileRef = 253F920C2A86A6C0007467A8 /* RNMMChatCustomisation.swift */; };
		76D6D32D23915E1E00F1E02B /* RNMobileMessaging.swift in Sources */ = {isa = PBXBuildFile; fileRef = 76D6D32C23915E1E00F1E02B /* RNMobileMessaging.swift */; };
		76D6D32F239161D700F1E02B /* RNMobileMessagingBridge.m in Sources */ = {isa = PBXBuildFile; fileRef = 76D6D32E239161D700F1E02B /* RNMobileMessagingBridge.m */; };
		A006027D23E9586B007BE88B /* RNMobileMessagingErrorExtension.swift in Sources */ = {isa = PBXBuildFile; fileRef = A006027C23E9586B007BE88B /* RNMobileMessagingErrorExtension.swift */; };
		A006028A23E9AACE007BE88B /* RNMobileMessagingConfiguration.swift in Sources */ = {isa = PBXBuildFile; fileRef = A006028923E9AACE007BE88B /* RNMobileMessagingConfiguration.swift */; };
		A006028E23E9AB27007BE88B /* RNMobileMessagingEventsManager.swift in Sources */ = {isa = PBXBuildFile; fileRef = A006028D23E9AB27007BE88B /* RNMobileMessagingEventsManager.swift */; };
		A006029023E9AB3C007BE88B /* RNMobileMessagingUtils.swift in Sources */ = {isa = PBXBuildFile; fileRef = A006028F23E9AB3C007BE88B /* RNMobileMessagingUtils.swift */; };
		A01DF5F5247D2D6900A65A31 /* RNMMChat.swift in Sources */ = {isa = PBXBuildFile; fileRef = A01DF5F3247D2D6800A65A31 /* RNMMChat.swift */; };
		A01DF5F6247D2D6900A65A31 /* RNMMChatBridge.m in Sources */ = {isa = PBXBuildFile; fileRef = A01DF5F4247D2D6800A65A31 /* RNMMChatBridge.m */; };
		A01DF5FD24802BDA00A65A31 /* RNMMChatViewManager.swift in Sources */ = {isa = PBXBuildFile; fileRef = A01DF5FB24802BDA00A65A31 /* RNMMChatViewManager.swift */; };
		A01DF5FE24802BDA00A65A31 /* RNMMChatViewManagerBridge.m in Sources */ = {isa = PBXBuildFile; fileRef = A01DF5FC24802BDA00A65A31 /* RNMMChatViewManagerBridge.m */; };
		A069E87E23F417870065188B /* RNMobileMessagingStorageAdapter.swift in Sources */ = {isa = PBXBuildFile; fileRef = A069E87D23F417870065188B /* RNMobileMessagingStorageAdapter.swift */; };
		A867C79C2A4325AD00CF2C27 /* RNMMWebRTCUIBridge.m in Sources */ = {isa = PBXBuildFile; fileRef = A867C79A2A4325AC00CF2C27 /* RNMMWebRTCUIBridge.m */; };
		A867C79D2A4325AD00CF2C27 /* RNMMWebRTCUI.swift in Sources */ = {isa = PBXBuildFile; fileRef = A867C79B2A4325AD00CF2C27 /* RNMMWebRTCUI.swift */; };
/* End PBXBuildFile section */

/* Begin PBXCopyFilesBuildPhase section */
		58B511D91A9E6C8500147676 /* CopyFiles */ = {
			isa = PBXCopyFilesBuildPhase;
			buildActionMask = 2147483647;
			dstPath = "include/$(PRODUCT_NAME)";
			dstSubfolderSpec = 16;
			files = (
			);
			runOnlyForDeploymentPostprocessing = 0;
		};
/* End PBXCopyFilesBuildPhase section */

/* Begin PBXFileReference section */
		134814201AA4EA6300B7C361 /* libReactNativeMobileMessaging.a */ = {isa = PBXFileReference; explicitFileType = archive.ar; includeInIndex = 0; path = libReactNativeMobileMessaging.a; sourceTree = BUILT_PRODUCTS_DIR; };
		253F920C2A86A6C0007467A8 /* RNMMChatCustomisation.swift */ = {isa = PBXFileReference; fileEncoding = 4; lastKnownFileType = sourcecode.swift; path = RNMMChatCustomisation.swift; sourceTree = "<group>"; };
		76D6D32B23915E1E00F1E02B /* ReactNativeMobileMessaging-Bridging-Header.h */ = {isa = PBXFileReference; lastKnownFileType = sourcecode.c.h; path = "ReactNativeMobileMessaging-Bridging-Header.h"; sourceTree = "<group>"; };
		76D6D32C23915E1E00F1E02B /* RNMobileMessaging.swift */ = {isa = PBXFileReference; lastKnownFileType = sourcecode.swift; path = RNMobileMessaging.swift; sourceTree = "<group>"; };
		76D6D32E239161D700F1E02B /* RNMobileMessagingBridge.m */ = {isa = PBXFileReference; lastKnownFileType = sourcecode.c.objc; path = RNMobileMessagingBridge.m; sourceTree = "<group>"; };
		A006027C23E9586B007BE88B /* RNMobileMessagingErrorExtension.swift */ = {isa = PBXFileReference; lastKnownFileType = sourcecode.swift; path = RNMobileMessagingErrorExtension.swift; sourceTree = "<group>"; };
		A006028923E9AACE007BE88B /* RNMobileMessagingConfiguration.swift */ = {isa = PBXFileReference; lastKnownFileType = sourcecode.swift; path = RNMobileMessagingConfiguration.swift; sourceTree = "<group>"; };
		A006028D23E9AB27007BE88B /* RNMobileMessagingEventsManager.swift */ = {isa = PBXFileReference; lastKnownFileType = sourcecode.swift; path = RNMobileMessagingEventsManager.swift; sourceTree = "<group>"; };
		A006028F23E9AB3C007BE88B /* RNMobileMessagingUtils.swift */ = {isa = PBXFileReference; lastKnownFileType = sourcecode.swift; path = RNMobileMessagingUtils.swift; sourceTree = "<group>"; };
		A01DF5F3247D2D6800A65A31 /* RNMMChat.swift */ = {isa = PBXFileReference; fileEncoding = 4; lastKnownFileType = sourcecode.swift; path = RNMMChat.swift; sourceTree = "<group>"; };
		A01DF5F4247D2D6800A65A31 /* RNMMChatBridge.m */ = {isa = PBXFileReference; fileEncoding = 4; lastKnownFileType = sourcecode.c.objc; path = RNMMChatBridge.m; sourceTree = "<group>"; };
		A01DF5FB24802BDA00A65A31 /* RNMMChatViewManager.swift */ = {isa = PBXFileReference; fileEncoding = 4; lastKnownFileType = sourcecode.swift; path = RNMMChatViewManager.swift; sourceTree = "<group>"; };
		A01DF5FC24802BDA00A65A31 /* RNMMChatViewManagerBridge.m */ = {isa = PBXFileReference; fileEncoding = 4; lastKnownFileType = sourcecode.c.objc; path = RNMMChatViewManagerBridge.m; sourceTree = "<group>"; };
		A069E87D23F417870065188B /* RNMobileMessagingStorageAdapter.swift */ = {isa = PBXFileReference; lastKnownFileType = sourcecode.swift; path = RNMobileMessagingStorageAdapter.swift; sourceTree = "<group>"; };
		A867C79A2A4325AC00CF2C27 /* RNMMWebRTCUIBridge.m */ = {isa = PBXFileReference; fileEncoding = 4; lastKnownFileType = sourcecode.c.objc; path = RNMMWebRTCUIBridge.m; sourceTree = "<group>"; };
		A867C79B2A4325AD00CF2C27 /* RNMMWebRTCUI.swift */ = {isa = PBXFileReference; fileEncoding = 4; lastKnownFileType = sourcecode.swift; path = RNMMWebRTCUI.swift; sourceTree = "<group>"; };
		CEEB052400B05B1AC8F953D0 /* Pods-ReactNativeMobileMessaging.release.xcconfig */ = {isa = PBXFileReference; includeInIndex = 1; lastKnownFileType = text.xcconfig; name = "Pods-ReactNativeMobileMessaging.release.xcconfig"; path = "Target Support Files/Pods-ReactNativeMobileMessaging/Pods-ReactNativeMobileMessaging.release.xcconfig"; sourceTree = "<group>"; };
		E00237C20633CB07301167F3 /* Pods_ReactNativeMobileMessaging.framework */ = {isa = PBXFileReference; explicitFileType = wrapper.framework; includeInIndex = 0; path = Pods_ReactNativeMobileMessaging.framework; sourceTree = BUILT_PRODUCTS_DIR; };
/* End PBXFileReference section */

/* Begin PBXFrameworksBuildPhase section */
		58B511D81A9E6C8500147676 /* Frameworks */ = {
			isa = PBXFrameworksBuildPhase;
			buildActionMask = 2147483647;
			files = (
			);
			runOnlyForDeploymentPostprocessing = 0;
		};
/* End PBXFrameworksBuildPhase section */

/* Begin PBXGroup section */
		134814211AA4EA7D00B7C361 /* Products */ = {
			isa = PBXGroup;
			children = (
				134814201AA4EA6300B7C361 /* libReactNativeMobileMessaging.a */,
			);
			name = Products;
			sourceTree = "<group>";
		};
		58B511D21A9E6C8500147676 = {
			isa = PBXGroup;
			children = (
				A036A57D24AA7A2600B426EF /* MobileMessagingPlugin */,
				134814211AA4EA7D00B7C361 /* Products */,
				76D6D32B23915E1E00F1E02B /* ReactNativeMobileMessaging-Bridging-Header.h */,
				BD6CA9645FA601D59D19D588 /* Pods */,
			);
			sourceTree = "<group>";
		};
		A036A57D24AA7A2600B426EF /* MobileMessagingPlugin */ = {
			isa = PBXGroup;
			children = (
				A867C79B2A4325AD00CF2C27 /* RNMMWebRTCUI.swift */,
				A867C79A2A4325AC00CF2C27 /* RNMMWebRTCUIBridge.m */,
				A01DF5FB24802BDA00A65A31 /* RNMMChatViewManager.swift */,
				A01DF5FC24802BDA00A65A31 /* RNMMChatViewManagerBridge.m */,
				A01DF5F3247D2D6800A65A31 /* RNMMChat.swift */,
				A01DF5F4247D2D6800A65A31 /* RNMMChatBridge.m */,
				A006028F23E9AB3C007BE88B /* RNMobileMessagingUtils.swift */,
				A069E87D23F417870065188B /* RNMobileMessagingStorageAdapter.swift */,
				76D6D32E239161D700F1E02B /* RNMobileMessagingBridge.m */,
				A006027C23E9586B007BE88B /* RNMobileMessagingErrorExtension.swift */,
				A006028D23E9AB27007BE88B /* RNMobileMessagingEventsManager.swift */,
				76D6D32C23915E1E00F1E02B /* RNMobileMessaging.swift */,
				A006028923E9AACE007BE88B /* RNMobileMessagingConfiguration.swift */,
			);
			path = MobileMessagingPlugin;
			sourceTree = "<group>";
		};
		BD6CA9645FA601D59D19D588 /* Pods */ = {
			isa = PBXGroup;
			children = (
			);
			path = Pods;
			sourceTree = "<group>";
		};
/* End PBXGroup section */

/* Begin PBXNativeTarget section */
		58B511DA1A9E6C8500147676 /* ReactNativeMobileMessaging */ = {
			isa = PBXNativeTarget;
			buildConfigurationList = 58B511EF1A9E6C8500147676 /* Build configuration list for PBXNativeTarget "ReactNativeMobileMessaging" */;
			buildPhases = (
				58B511D71A9E6C8500147676 /* Sources */,
				58B511D81A9E6C8500147676 /* Frameworks */,
				58B511D91A9E6C8500147676 /* CopyFiles */,
			);
			buildRules = (
			);
			dependencies = (
			);
			name = ReactNativeMobileMessaging;
			productName = RCTDataManager;
			productReference = 134814201AA4EA6300B7C361 /* libReactNativeMobileMessaging.a */;
			productType = "com.apple.product-type.library.static";
		};
/* End PBXNativeTarget section */

/* Begin PBXProject section */
		58B511D31A9E6C8500147676 /* Project object */ = {
			isa = PBXProject;
			attributes = {
				LastUpgradeCheck = 0920;
				ORGANIZATIONNAME = Infobip;
				TargetAttributes = {
					58B511DA1A9E6C8500147676 = {
						CreatedOnToolsVersion = 6.1.1;
						LastSwiftMigration = 1120;
					};
				};
			};
			buildConfigurationList = 58B511D61A9E6C8500147676 /* Build configuration list for PBXProject "ReactNativeMobileMessaging" */;
			compatibilityVersion = "Xcode 3.2";
			developmentRegion = English;
			hasScannedForEncodings = 0;
			knownRegions = (
				English,
				en,
			);
			mainGroup = 58B511D21A9E6C8500147676;
			productRefGroup = 58B511D21A9E6C8500147676;
			projectDirPath = "";
			projectRoot = "";
			targets = (
				58B511DA1A9E6C8500147676 /* ReactNativeMobileMessaging */,
			);
		};
/* End PBXProject section */

/* Begin PBXSourcesBuildPhase section */
		58B511D71A9E6C8500147676 /* Sources */ = {
			isa = PBXSourcesBuildPhase;
			buildActionMask = 2147483647;
			files = (
				76D6D32D23915E1E00F1E02B /* RNMobileMessaging.swift in Sources */,
				A006027D23E9586B007BE88B /* RNMobileMessagingErrorExtension.swift in Sources */,
				A01DF5FE24802BDA00A65A31 /* RNMMChatViewManagerBridge.m in Sources */,
				A867C79C2A4325AD00CF2C27 /* RNMMWebRTCUIBridge.m in Sources */,
				A006029023E9AB3C007BE88B /* RNMobileMessagingUtils.swift in Sources */,
				A01DF5F5247D2D6900A65A31 /* RNMMChat.swift in Sources */,
				A006028E23E9AB27007BE88B /* RNMobileMessagingEventsManager.swift in Sources */,
				A006028A23E9AACE007BE88B /* RNMobileMessagingConfiguration.swift in Sources */,
				A01DF5F6247D2D6900A65A31 /* RNMMChatBridge.m in Sources */,
				76D6D32F239161D700F1E02B /* RNMobileMessagingBridge.m in Sources */,
				A01DF5FD24802BDA00A65A31 /* RNMMChatViewManager.swift in Sources */,
				253F920D2A86A6C0007467A8 /* RNMMChatCustomisation.swift in Sources */,
				A069E87E23F417870065188B /* RNMobileMessagingStorageAdapter.swift in Sources */,
				A867C79D2A4325AD00CF2C27 /* RNMMWebRTCUI.swift in Sources */,
			);
			runOnlyForDeploymentPostprocessing = 0;
		};
/* End PBXSourcesBuildPhase section */

/* Begin XCBuildConfiguration section */
		58B511ED1A9E6C8500147676 /* Debug */ = {
			isa = XCBuildConfiguration;
			buildSettings = {
				ALWAYS_SEARCH_USER_PATHS = NO;
				CLANG_CXX_LANGUAGE_STANDARD = "gnu++0x";
				CLANG_CXX_LIBRARY = "libc++";
				CLANG_ENABLE_MODULES = YES;
				CLANG_ENABLE_OBJC_ARC = YES;
				CLANG_WARN_BLOCK_CAPTURE_AUTORELEASING = YES;
				CLANG_WARN_BOOL_CONVERSION = YES;
				CLANG_WARN_COMMA = YES;
				CLANG_WARN_CONSTANT_CONVERSION = YES;
				CLANG_WARN_DIRECT_OBJC_ISA_USAGE = YES_ERROR;
				CLANG_WARN_EMPTY_BODY = YES;
				CLANG_WARN_ENUM_CONVERSION = YES;
				CLANG_WARN_INFINITE_RECURSION = YES;
				CLANG_WARN_INT_CONVERSION = YES;
				CLANG_WARN_NON_LITERAL_NULL_CONVERSION = YES;
				CLANG_WARN_OBJC_LITERAL_CONVERSION = YES;
				CLANG_WARN_OBJC_ROOT_CLASS = YES_ERROR;
				CLANG_WARN_RANGE_LOOP_ANALYSIS = YES;
				CLANG_WARN_STRICT_PROTOTYPES = YES;
				CLANG_WARN_SUSPICIOUS_MOVE = YES;
				CLANG_WARN_UNREACHABLE_CODE = YES;
				CLANG_WARN__DUPLICATE_METHOD_MATCH = YES;
				COPY_PHASE_STRIP = NO;
				ENABLE_STRICT_OBJC_MSGSEND = YES;
				ENABLE_TESTABILITY = YES;
				GCC_C_LANGUAGE_STANDARD = gnu99;
				GCC_DYNAMIC_NO_PIC = NO;
				GCC_NO_COMMON_BLOCKS = YES;
				GCC_OPTIMIZATION_LEVEL = 0;
				GCC_PREPROCESSOR_DEFINITIONS = (
					"DEBUG=1",
					"$(inherited)",
				);
				GCC_SYMBOLS_PRIVATE_EXTERN = NO;
				GCC_WARN_64_TO_32_BIT_CONVERSION = YES;
				GCC_WARN_ABOUT_RETURN_TYPE = YES_ERROR;
				GCC_WARN_UNDECLARED_SELECTOR = YES;
				GCC_WARN_UNINITIALIZED_AUTOS = YES_AGGRESSIVE;
				GCC_WARN_UNUSED_FUNCTION = YES;
				GCC_WARN_UNUSED_VARIABLE = YES;
				IPHONEOS_DEPLOYMENT_TARGET = 8.0;
				MTL_ENABLE_DEBUG_INFO = YES;
				ONLY_ACTIVE_ARCH = YES;
				SDKROOT = iphoneos;
			};
			name = Debug;
		};
		58B511EE1A9E6C8500147676 /* Release */ = {
			isa = XCBuildConfiguration;
			buildSettings = {
				ALWAYS_SEARCH_USER_PATHS = NO;
				CLANG_CXX_LANGUAGE_STANDARD = "gnu++0x";
				CLANG_CXX_LIBRARY = "libc++";
				CLANG_ENABLE_MODULES = YES;
				CLANG_ENABLE_OBJC_ARC = YES;
				CLANG_WARN_BLOCK_CAPTURE_AUTORELEASING = YES;
				CLANG_WARN_BOOL_CONVERSION = YES;
				CLANG_WARN_COMMA = YES;
				CLANG_WARN_CONSTANT_CONVERSION = YES;
				CLANG_WARN_DIRECT_OBJC_ISA_USAGE = YES_ERROR;
				CLANG_WARN_EMPTY_BODY = YES;
				CLANG_WARN_ENUM_CONVERSION = YES;
				CLANG_WARN_INFINITE_RECURSION = YES;
				CLANG_WARN_INT_CONVERSION = YES;
				CLANG_WARN_NON_LITERAL_NULL_CONVERSION = YES;
				CLANG_WARN_OBJC_LITERAL_CONVERSION = YES;
				CLANG_WARN_OBJC_ROOT_CLASS = YES_ERROR;
				CLANG_WARN_RANGE_LOOP_ANALYSIS = YES;
				CLANG_WARN_STRICT_PROTOTYPES = YES;
				CLANG_WARN_SUSPICIOUS_MOVE = YES;
				CLANG_WARN_UNREACHABLE_CODE = YES;
				CLANG_WARN__DUPLICATE_METHOD_MATCH = YES;
				COPY_PHASE_STRIP = YES;
				ENABLE_NS_ASSERTIONS = NO;
				ENABLE_STRICT_OBJC_MSGSEND = YES;
				GCC_C_LANGUAGE_STANDARD = gnu99;
				GCC_NO_COMMON_BLOCKS = YES;
				GCC_WARN_64_TO_32_BIT_CONVERSION = YES;
				GCC_WARN_ABOUT_RETURN_TYPE = YES_ERROR;
				GCC_WARN_UNDECLARED_SELECTOR = YES;
				GCC_WARN_UNINITIALIZED_AUTOS = YES_AGGRESSIVE;
				GCC_WARN_UNUSED_FUNCTION = YES;
				GCC_WARN_UNUSED_VARIABLE = YES;
				IPHONEOS_DEPLOYMENT_TARGET = 8.0;
				MTL_ENABLE_DEBUG_INFO = NO;
				SDKROOT = iphoneos;
				VALIDATE_PRODUCT = YES;
			};
			name = Release;
		};
		58B511F01A9E6C8500147676 /* Debug */ = {
			isa = XCBuildConfiguration;
			buildSettings = {
				CLANG_ENABLE_MODULES = YES;
				HEADER_SEARCH_PATHS = (
					"$(inherited)",
					/Applications/Xcode.app/Contents/Developer/Toolchains/XcodeDefault.xctoolchain/usr/include,
					"$(SRCROOT)/../../../React/**",
					"$(SRCROOT)/../../react-native/React/**",
				);
				LD_RUNPATH_SEARCH_PATHS = "$(inherited) @executable_path/Frameworks @loader_path/Frameworks";
				LIBRARY_SEARCH_PATHS = "$(inherited)";
				OTHER_LDFLAGS = "-ObjC";
				PRODUCT_NAME = ReactNativeMobileMessaging;
				SKIP_INSTALL = YES;
				SWIFT_OBJC_BRIDGING_HEADER = "ReactNativeMobileMessaging-Bridging-Header.h";
				SWIFT_OPTIMIZATION_LEVEL = "-Onone";
				SWIFT_VERSION = 5.0;
			};
			name = Debug;
		};
		58B511F11A9E6C8500147676 /* Release */ = {
			isa = XCBuildConfiguration;
			buildSettings = {
				CLANG_ENABLE_MODULES = YES;
				HEADER_SEARCH_PATHS = (
					"$(inherited)",
					/Applications/Xcode.app/Contents/Developer/Toolchains/XcodeDefault.xctoolchain/usr/include,
					"$(SRCROOT)/../../../React/**",
					"$(SRCROOT)/../../react-native/React/**",
				);
				LD_RUNPATH_SEARCH_PATHS = "$(inherited) @executable_path/Frameworks @loader_path/Frameworks";
				LIBRARY_SEARCH_PATHS = "$(inherited)";
				OTHER_LDFLAGS = "-ObjC";
				PRODUCT_NAME = ReactNativeMobileMessaging;
				SKIP_INSTALL = YES;
				SWIFT_OBJC_BRIDGING_HEADER = "ReactNativeMobileMessaging-Bridging-Header.h";
				SWIFT_VERSION = 5.0;
			};
			name = Release;
		};
/* End XCBuildConfiguration section */

/* Begin XCConfigurationList section */
		58B511D61A9E6C8500147676 /* Build configuration list for PBXProject "ReactNativeMobileMessaging" */ = {
			isa = XCConfigurationList;
			buildConfigurations = (
				58B511ED1A9E6C8500147676 /* Debug */,
				58B511EE1A9E6C8500147676 /* Release */,
			);
			defaultConfigurationIsVisible = 0;
			defaultConfigurationName = Release;
		};
		58B511EF1A9E6C8500147676 /* Build configuration list for PBXNativeTarget "ReactNativeMobileMessaging" */ = {
			isa = XCConfigurationList;
			buildConfigurations = (
				58B511F01A9E6C8500147676 /* Debug */,
				58B511F11A9E6C8500147676 /* Release */,
			);
			defaultConfigurationIsVisible = 0;
			defaultConfigurationName = Release;
		};
/* End XCConfigurationList section */
	};
	rootObject = 58B511D31A9E6C8500147676 /* Project object */;
}
